	<Project xmlns="http://schemas.microsoft.com/developer/msbuild/2003">
		<PropertyGroup>
			<ProjectGuid>{E04DA822-F4B5-4EA8-BEE0-6BAB32072CD8}</ProjectGuid>
			<MainSource>Cleanup.dpr</MainSource>
			<ProjectVersion>13.4</ProjectVersion>
			<FrameworkType>None</FrameworkType>
			<AppType>Console</AppType>
			<TargetedPlatforms>1</TargetedPlatforms>
			<Platform Condition="'$(Platform)'==''">Win32</Platform>
			<Config Condition="'$(Config)'==''">Base</Config>
			<SkipResGeneration>true</SkipResGeneration>
		</PropertyGroup>
		<PropertyGroup Condition="'$(Config)'=='Base' or '$(Base)'!=''">
			<Base>true</Base>
		</PropertyGroup>
		<PropertyGroup Condition="'$(Base)'!=''">
			<VerInfo_IncludeVerInfo>false</VerInfo_IncludeVerInfo>
			<Manifest_File>None</Manifest_File>
			<DCC_Namespace>Vcl;Vcl.Imaging;Vcl.Shell;System;Xml;Data;Winapi;Bde;System.Win;$(DCC_Namespace)</DCC_Namespace>
			<DCC_ExeOutput>..\Temp</DCC_ExeOutput>
			<DCC_Optimize>false</DCC_Optimize>
			<DCC_SYMBOL_PLATFORM>false</DCC_SYMBOL_PLATFORM>
			<DCC_UNIT_PLATFORM>false</DCC_UNIT_PLATFORM>
			<DCC_Platform>x86</DCC_Platform>
		</PropertyGroup>
		<ProjectExtensions>
			<Borland.Personality>Delphi.Personality.12</Borland.Personality>
			<BorlandProject>
				<Delphi.Personality/>
				<Platforms>
					<Platform value="Win64">False</Platform>
					<Platform value="OSX32">False</Platform>
					<Platform value="Win32">True</Platform>
				</Platforms>
			</BorlandProject>
			<ProjectFileVersion>12</ProjectFileVersion>
		</ProjectExtensions>
	</Project>
