	<Project xmlns="http://schemas.microsoft.com/developer/msbuild/2003">
		<PropertyGroup>
			<ProjectGuid>{CD8721AD-8D71-4DA2-996B-955004CFA877}</ProjectGuid>
			<MainSource>DISQLite3_D2010.dpk</MainSource>
			<ProjectVersion>13.4</ProjectVersion>
			<FrameworkType>None</FrameworkType>
			<AppType>Package</AppType>
			<TargetedPlatforms>1</TargetedPlatforms>
			<Platform Condition="'$(Platform)'==''">Win32</Platform>
			<Config Condition="'$(Config)'==''">Base</Config>
			<Base>True</Base>
			<VerInfo_IncludeVerInfo>false</VerInfo_IncludeVerInfo>
			<SkipResGeneration>true</SkipResGeneration>
		</PropertyGroup>
		<PropertyGroup Condition="'$(Config)'=='Base' or '$(Base)'!=''">
			<Base>true</Base>
		</PropertyGroup>
		<PropertyGroup Condition="'$(Base)'!=''">
			<GenDll>true</GenDll>
			<GenPackage>true</GenPackage>
			<VerInfo_IncludeVerInfo>false</VerInfo_IncludeVerInfo>
			<Manifest_File>None</Manifest_File>
			<DCC_Namespace>System;Xml;Data;Datasnap;Web;Soap;Winapi;Bde;System.Win;Vcl;$(DCC_Namespace)</DCC_Namespace>
			<DCC_UsePackage>rtl;dbrtl;$(DCC_UsePackage)</DCC_UsePackage>
			<DCC_ImageBase>00400000</DCC_ImageBase>
			<DCC_DependencyCheckOutputName>c:\program files (x86)\embarcadero\rad studio\7.0\Projects\Bpl\DISQLite3_D2010.bpl</DCC_DependencyCheckOutputName>
			<DCC_UNSAFE_TYPE>true</DCC_UNSAFE_TYPE>
			<DCC_UNSAFE_CAST>true</DCC_UNSAFE_CAST>
			<DCC_UNSAFE_CODE>true</DCC_UNSAFE_CODE>
			<DCC_BplOutput>$(BDS)\Projects\Bpl</DCC_BplOutput>
			<DCC_Platform>x86</DCC_Platform>
			<DCC_UnitSearchPath>..\Source;..\API;$(DCC_UnitSearchPath)</DCC_UnitSearchPath>
			<DCC_Description>The Delphi Inspiration -- DISQLite3 Personal</DCC_Description>
			<DCC_S>false</DCC_S>
			<DCC_N>true</DCC_N>
			<DCC_DcpOutput>..\Bin</DCC_DcpOutput>
			<DCC_OutputNeverBuildDcps>true</DCC_OutputNeverBuildDcps>
			<DCC_DcuOutput>..\Bin</DCC_DcuOutput>
			<DCC_E>false</DCC_E>
			<DCC_K>false</DCC_K>
			<DCC_F>false</DCC_F>
		</PropertyGroup>
		<ProjectExtensions>
			<Borland.Personality>Delphi.Personality.12</Borland.Personality>
			<Borland.ProjectType>Package</Borland.ProjectType>
			<BorlandProject>
				<Delphi.Personality/>
				<Platforms>
					<Platform value="Win32">True</Platform>
					<Platform value="Win64">False</Platform>
					<Platform value="OSX32">False</Platform>
				</Platforms>
			</BorlandProject>
			<ProjectFileVersion>12</ProjectFileVersion>
		</ProjectExtensions>
	</Project>
