	<Project xmlns="http://schemas.microsoft.com/developer/msbuild/2003">
		<PropertyGroup>
			<ProjectGuid>{12BE51BB-A067-49C5-9697-CC7BB3E03DAF}</ProjectGuid>
			<ProjectVersion>13.4</ProjectVersion>
			<TargetedPlatforms>1</TargetedPlatforms>
			<FrameworkType>VCL</FrameworkType>
			<AppType>Application</AppType>
			<MainSource>Build_Setup.dpr</MainSource>
			<Config Condition="'$(Config)'==''">Debug</Config>
			<SkipResGeneration>true</SkipResGeneration>
		</PropertyGroup>
		<PropertyGroup Condition="'$(Config)'=='Base' or '$(Base)'!=''">
			<Base>true</Base>
		</PropertyGroup>
		<PropertyGroup Condition="'$(Base)'!=''">
			<VerInfo_IncludeVerInfo>false</VerInfo_IncludeVerInfo>
			<Manifest_File>None</Manifest_File>
			<DCC_Namespace>Vcl;Vcl.Imaging;Vcl.Shell;System;Xml;Data;Winapi;Bde;System.Win;$(DCC_Namespace)</DCC_Namespace>
			<DCC_DcuOutput>..\Temp</DCC_DcuOutput>
			<DCC_ExeOutput>..\Temp</DCC_ExeOutput>
			<DCC_DcpOutput>..\Temp</DCC_DcpOutput>
			<DCC_Optimize>false</DCC_Optimize>
			<DCC_DependencyCheckOutputName>..\Temp\Build_Setup.exe</DCC_DependencyCheckOutputName>
			<DCC_ImageBase>00400000</DCC_ImageBase>
			<DCC_Platform>x86</DCC_Platform>
		</PropertyGroup>
		<ProjectExtensions>
			<Borland.Personality>Delphi.Personality.12</Borland.Personality>
			<BorlandProject>
				<Delphi.Personality/>
				<Platforms>
					<Platform value="Win64">False</Platform>
					<Platform value="OSX32">False</Platform>
					<Platform value="Win32">True</Platform>
				</Platforms>
			</BorlandProject>
			<ProjectFileVersion>12</ProjectFileVersion>
		</ProjectExtensions>
	</Project>
