	<Project xmlns="http://schemas.microsoft.com/developer/msbuild/2003">
		<PropertyGroup>
			<ProjectGuid>{009a1040-55cd-44d2-a22d-d603a4c2c51b}</ProjectGuid>
			<MainSource>ShellBrowser_Pkg.dpk</MainSource>
			<ProjectVersion>13.4</ProjectVersion>
			<FrameworkType>None</FrameworkType>
			<AppType>Package</AppType>
			<TargetedPlatforms>1</TargetedPlatforms>
			<Platform Condition="'$(Platform)'==''">Win32</Platform>
			<Config Condition="'$(Config)'==''">Base</Config>
			<VerInfo_IncludeVerInfo>false</VerInfo_IncludeVerInfo>
			<SkipResGeneration>true</SkipResGeneration>
			<Base>True</Base>
		</PropertyGroup>
		<PropertyGroup Condition="'$(Config)'=='Base' or '$(Base)'!=''">
			<Base>true</Base>
		</PropertyGroup>
		<PropertyGroup Condition="'$(Base)'!=''">
			<VerInfo_Locale>1031</VerInfo_Locale>
			<VerInfo_Keys>CompanyName=;FileDescription=;FileVersion=1.0.0.0;InternalName=;LegalCopyright=;LegalTrademarks=;OriginalFilename=;ProductName=;ProductVersion=1.0.0.0</VerInfo_Keys>
			<GenDll>true</GenDll>
			<GenPackage>true</GenPackage>
			<Manifest_File>None</Manifest_File>
			<DCC_Platform>x86</DCC_Platform>
			<DCC_Namespace>Vcl;Vcl.Imaging;Vcl.Shell;System;Xml;Data;Winapi;Bde;System.Win;$(DCC_Namespace)</DCC_Namespace>
			<DCC_SymbolReferenceInfo>0</DCC_SymbolReferenceInfo>
			<DCC_SYMBOL_PLATFORM>false</DCC_SYMBOL_PLATFORM>
			<DCC_StringChecks>off</DCC_StringChecks>
			<DCC_AssertionsAtRuntime>false</DCC_AssertionsAtRuntime>
			<DCC_ImageBase>00400000</DCC_ImageBase>
			<DCC_Description>ShellBrowser Components by JAM Software</DCC_Description>
			<DCC_WriteableConstants>true</DCC_WriteableConstants>
			<DCC_UnitSearchPath>..\Source;$(DCC_UnitSearchPath)</DCC_UnitSearchPath>
			<DCC_BplOutput>$(BDS)\Projects\Bpl</DCC_BplOutput>
			<DCC_DcpOutput>..\Bin</DCC_DcpOutput>
			<DCC_DcuOutput>..\Bin</DCC_DcuOutput>
		</PropertyGroup>
		<ProjectExtensions>
			<Borland.Personality>Delphi.Personality.12</Borland.Personality>
			<Borland.ProjectType>Package</Borland.ProjectType>
			<BorlandProject>
				<Delphi.Personality/>
				<Platforms>
					<Platform value="Win32">True</Platform>
					<Platform value="Win64">False</Platform>
					<Platform value="OSX32">False</Platform>
				</Platforms>
			</BorlandProject>
			<ProjectFileVersion>12</ProjectFileVersion>
		</ProjectExtensions>
	</Project>
