	<Project xmlns="http://schemas.microsoft.com/developer/msbuild/2003">
		<PropertyGroup>
			<ProjectGuid>{676FF4F5-D15F-4D9A-A7E5-AE4BA81C1E8E}</ProjectGuid>
			<MainSource>MySQLFront.dpr</MainSource>
			<ProjectVersion>13.4</ProjectVersion>
			<FrameworkType>VCL</FrameworkType>
			<AppType>Application</AppType>
			<TargetedPlatforms>1</TargetedPlatforms>
			<Platform Condition="'$(Platform)'==''">Win32</Platform>
			<Config Condition="'$(Config)'==''">Base</Config>
			<SkipResGeneration>true</SkipResGeneration>
			<Base>True</Base>
		</PropertyGroup>
		<PropertyGroup Condition="'$(Config)'=='Base' or '$(Base)'!=''">
			<Base>true</Base>
		</PropertyGroup>
		<PropertyGroup Condition="'$(Base)'!=''">
			<VerInfo_IncludeVerInfo>false</VerInfo_IncludeVerInfo>
			<Manifest_File>None</Manifest_File>
			<DCC_Define>DEBUG;$(DCC_Define)</DCC_Define>
			<DCC_Namespace>Vcl;Vcl.Imaging;Vcl.Shell;System;Xml;Data;Winapi;Bde;System.Win;$(DCC_Namespace)</DCC_Namespace>
			<DCC_UsePackage>vcl;rtl;vclimg;dbrtl;vcldb;xmlrtl;bdertl;DISQLite3_D2010;MySQL;Win32_Extensions;TPerlRegEx_D2010;$(DCC_UsePackage)</DCC_UsePackage>
			<DCC_UnitSearchPath>FastMM\Bin;TPerlRegEx\Bin;DISQLite3\API;DISQLite3\Bin;SynEdit\Resource;SynEdit\Bin;MPHexEditor\Resource;MPHexEditor\Bin;QueryBuilder\Resource;QueryBuilder\Bin;ShellBrowser\Bin;ShellBrowser\Resource;Win32\Bin;MySQL\Bin;$(DCC_UnitSearchPath)</DCC_UnitSearchPath>
			<DCC_RangeChecking>true</DCC_RangeChecking>
			<DCC_IntegerOverflowCheck>true</DCC_IntegerOverflowCheck>
			<DCC_Optimize>false</DCC_Optimize>
			<DCC_ExeOutput>..\Temp</DCC_ExeOutput>
			<DCC_DcuOutput>..\Temp</DCC_DcuOutput>
			<DCC_SYMBOL_PLATFORM>false</DCC_SYMBOL_PLATFORM>
			<DCC_UNIT_PLATFORM>false</DCC_UNIT_PLATFORM>
			<DCC_DependencyCheckOutputName>..\Temp\MySQLFront.exe</DCC_DependencyCheckOutputName>
			<DCC_Platform>x86</DCC_Platform>
			<DCC_MapFile>3</DCC_MapFile>
		</PropertyGroup>
		<ItemGroup>
			<DelphiCompile Include="$(MainSource)">
				<MainSource>MainSource</MainSource>
			</DelphiCompile>
			<DCCReference Include="MySQL\Source\MySQLClient.pas"/>
			<DCCReference Include="MySQL\Source\MySQLConsts.pas"/>
			<DCCReference Include="MySQL\Source\MySQLDB.pas"/>
			<DCCReference Include="MySQL\Source\HTTPTunnel.pas"/>
			<DCCReference Include="MySQL\Source\SQLUtils.pas"/>
			<DCCReference Include="MySQL\Source\CSVUtils.pas"/>
			<DCCReference Include="MySQL\Source\MySQLDBGrid.pas"/>
			<DCCReference Include="VCL\Source\ExtCtrls_Ext.pas"/>
			<DCCReference Include="VCL\Source\StdCtrls_Ext.pas"/>
			<DCCReference Include="VCL\Source\StdActns_Ext.pas"/>
			<DCCReference Include="VCL\Source\Dialogs_Ext.pas"/>
			<DCCReference Include="VCL\Source\ComCtrls_Ext.pas"/>
			<DCCReference Include="VCL\Source\CommCtrl_Ext.pas"/>
			<DCCReference Include="VCL\Source\Forms_Ext.pas"/>
			<DCCReference Include="fAccount.pas"/>
			<DCCReference Include="fClient.pas"/>
			<DCCReference Include="fPreferences.pas"/>
			<DCCReference Include="fTools.pas"/>
			<DCCReference Include="fURI.pas"/>
			<DCCReference Include="fBase.pas"/>
			<DCCReference Include="fDAccount.pas">
				<Form>DAccount</Form>
			</DCCReference>
			<DCCReference Include="fDAccounts.pas">
				<Form>DAccounts</Form>
			</DCCReference>
			<DCCReference Include="fDBookmark.pas">
				<Form>DBookmark</Form>
			</DCCReference>
			<DCCReference Include="fDColumns.pas">
				<Form>DColumns</Form>
			</DCCReference>
			<DCCReference Include="fDConnecting.pas">
				<Form>DConnecting</Form>
			</DCCReference>
			<DCCReference Include="fDDatabase.pas">
				<Form>DDatabase</Form>
			</DCCReference>
			<DCCReference Include="fDDatabases.pas">
				<Form>DDatabases</Form>
			</DCCReference>
			<DCCReference Include="fDEvent.pas">
				<Form>DEvent</Form>
			</DCCReference>
			<DCCReference Include="fDExport.pas">
				<Form>DExport</Form>
			</DCCReference>
			<DCCReference Include="fDField.pas">
				<Form>DField</Form>
			</DCCReference>
			<DCCReference Include="fDForeignKey.pas">
				<Form>DForeignKey</Form>
			</DCCReference>
			<DCCReference Include="fDGoto.pas">
				<Form>DGoto</Form>
			</DCCReference>
			<DCCReference Include="fDHost.pas">
				<Form>DHost</Form>
			</DCCReference>
			<DCCReference Include="fDHostDatabase.pas">
				<Form>DHostDatabase</Form>
			</DCCReference>
			<DCCReference Include="fDImport.pas">
				<Form>DImport</Form>
			</DCCReference>
			<DCCReference Include="fDInfo.pas">
				<Form>DInfo</Form>
			</DCCReference>
			<DCCReference Include="fDInstallUpdate.pas">
				<Form>DInstallUpdate</Form>
			</DCCReference>
			<DCCReference Include="fDKey.pas">
				<Form>DIndex</Form>
			</DCCReference>
			<DCCReference Include="fDLogin.pas">
				<Form>DDBLogin</Form>
			</DCCReference>
			<DCCReference Include="fDOptions.pas">
				<Form>DOptions</Form>
			</DCCReference>
			<DCCReference Include="fDPartition.pas">
				<Form>DPartition</Form>
			</DCCReference>
			<DCCReference Include="fDPaste.pas">
				<Form>DPaste</Form>
			</DCCReference>
			<DCCReference Include="fDQuickFilter.pas">
				<Form>DQuickFilter</Form>
			</DCCReference>
			<DCCReference Include="fDRoutine.pas">
				<Form>DRoutine</Form>
			</DCCReference>
			<DCCReference Include="fDSearch.pas">
				<Form>DSearch</Form>
			</DCCReference>
			<DCCReference Include="fDSegment.pas">
				<Form>DSegment</Form>
			</DCCReference>
			<DCCReference Include="fDSelection.pas">
				<Form>DSelection</Form>
			</DCCReference>
			<DCCReference Include="fDServer.pas">
				<Form>DServer</Form>
			</DCCReference>
			<DCCReference Include="fDSQLHelp.pas">
				<Form>DSQLHelp</Form>
			</DCCReference>
			<DCCReference Include="fDStatement.pas">
				<Form>DStatement</Form>
			</DCCReference>
			<DCCReference Include="fDTable.pas">
				<Form>DTable</Form>
			</DCCReference>
			<DCCReference Include="fDTableService.pas">
				<Form>DTableService</Form>
			</DCCReference>
			<DCCReference Include="fDTransfer.pas">
				<Form>DTransfer</Form>
			</DCCReference>
			<DCCReference Include="fDTrigger.pas">
				<Form>DTrigger</Form>
			</DCCReference>
			<DCCReference Include="fDUser.pas">
				<Form>DUser</Form>
			</DCCReference>
			<DCCReference Include="fDUserRight.pas">
				<Form>DUserRight</Form>
			</DCCReference>
			<DCCReference Include="fDVariable.pas">
				<Form>DVariable</Form>
			</DCCReference>
			<DCCReference Include="fDView.pas">
				<Form>DView</Form>
			</DCCReference>
			<DCCReference Include="fCWorkbench.pas"/>
			<DCCReference Include="fFClient.pas">
				<Form>FClient</Form>
			</DCCReference>
			<DCCReference Include="fWWindow.pas">
				<Form>WWindow</Form>
			</DCCReference>
			<DCCReference Include="fWForeignKeySelect.pas">
				<Form>WForeignKeySelect</Form>
			</DCCReference>
			<BuildConfiguration Include="Base">
				<Key>Base</Key>
			</BuildConfiguration>
		</ItemGroup>
		<ProjectExtensions>
			<Borland.Personality>Delphi.Personality.12</Borland.Personality>
			<BorlandProject>
				<Delphi.Personality>
					<VersionInfo>
						<VersionInfo Name="IncludeVerInfo">False</VersionInfo>
						<VersionInfo Name="AutoIncBuild">False</VersionInfo>
						<VersionInfo Name="MajorVer">1</VersionInfo>
						<VersionInfo Name="MinorVer">0</VersionInfo>
						<VersionInfo Name="Release">0</VersionInfo>
						<VersionInfo Name="Build">0</VersionInfo>
						<VersionInfo Name="Debug">False</VersionInfo>
						<VersionInfo Name="PreRelease">False</VersionInfo>
						<VersionInfo Name="Special">False</VersionInfo>
						<VersionInfo Name="Private">False</VersionInfo>
						<VersionInfo Name="DLL">False</VersionInfo>
						<VersionInfo Name="Locale">1031</VersionInfo>
						<VersionInfo Name="CodePage">1252</VersionInfo>
					</VersionInfo>
					<VersionInfoKeys>
						<VersionInfoKeys Name="CompanyName"/>
						<VersionInfoKeys Name="FileDescription"/>
						<VersionInfoKeys Name="FileVersion">1.0.0.0</VersionInfoKeys>
						<VersionInfoKeys Name="InternalName"/>
						<VersionInfoKeys Name="LegalCopyright"/>
						<VersionInfoKeys Name="LegalTrademarks"/>
						<VersionInfoKeys Name="OriginalFilename"/>
						<VersionInfoKeys Name="ProductName"/>
						<VersionInfoKeys Name="ProductVersion">1.0.0.0</VersionInfoKeys>
						<VersionInfoKeys Name="Comments"/>
					</VersionInfoKeys>
					<Source>
						<Source Name="MainSource">MySQLFront.dpr</Source>
					</Source>
				</Delphi.Personality>
				<Platforms>
					<Platform value="Win64">False</Platform>
					<Platform value="OSX32">False</Platform>
					<Platform value="Win32">True</Platform>
				</Platforms>
			</BorlandProject>
			<ProjectFileVersion>12</ProjectFileVersion>
		</ProjectExtensions>
		<Import Condition="Exists('$(BDS)\Bin\CodeGear.Delphi.Targets')" Project="$(BDS)\Bin\CodeGear.Delphi.Targets"/>
		<Import Condition="Exists('$(APPDATA)\Embarcadero\$(BDSAPPDATABASEDIR)\$(PRODUCTVERSION)\UserTools.proj')" Project="$(APPDATA)\Embarcadero\$(BDSAPPDATABASEDIR)\$(PRODUCTVERSION)\UserTools.proj"/>
	</Project>
